// !$*UTF8*$!
{
	archiveVersion = 1;
	classes = {
	};
	objectVersion = 56;
	objects = {

/* Begin PBXBuildFile section */
		524E2A2A2C2AC49D00F03B49 /* ShareLinkView.swift in Sources */ = {isa = PBXBuildFile; fileRef = 524E2A292C2AC49D00F03B49 /* ShareLinkView.swift */; };
		524E2A2C2C2ACA3600F03B49 /* PhotosPickerView.swift in Sources */ = {isa = PBXBuildFile; fileRef = 524E2A2B2C2ACA3600F03B49 /* PhotosPickerView.swift */; };
		52B5C83F2C202E2B00A5CD19 /* TextFieldVerticalView.swift in Sources */ = {isa = PBXBuildFile; fileRef = 52B5C83E2C202E2B00A5CD19 /* TextFieldVerticalView.swift */; };
		52B5C8412C202E6800A5CD19 /* LineLimitView.swift in Sources */ = {isa = PBXBuildFile; fileRef = 52B5C8402C202E6800A5CD19 /* LineLimitView.swift */; };
		52B5C8432C202F1E00A5CD19 /* PersistentSystemOverlayView.swift in Sources */ = {isa = PBXBuildFile; fileRef = 52B5C8422C202F1E00A5CD19 /* PersistentSystemOverlayView.swift */; };
		52B5C8452C202F5200A5CD19 /* ScrollViewChangesView.swift in Sources */ = {isa = PBXBuildFile; fileRef = 52B5C8442C202F5200A5CD19 /* ScrollViewChangesView.swift */; };
		52B5C8472C20331400A5CD19 /* PresentationDetentsView.swift in Sources */ = {isa = PBXBuildFile; fileRef = 52B5C8462C20331400A5CD19 /* PresentationDetentsView.swift */; };
		52B5C8492C20357A00A5CD19 /* GradientsAndShadowsView.swift in Sources */ = {isa = PBXBuildFile; fileRef = 52B5C8482C20357A00A5CD19 /* GradientsAndShadowsView.swift */; };
		52B5C84B2C20389D00A5CD19 /* GridView.swift in Sources */ = {isa = PBXBuildFile; fileRef = 52B5C84A2C20389D00A5CD19 /* GridView.swift */; };
		52B5C84D2C203D0A00A5CD19 /* CustomLayoutView.swift in Sources */ = {isa = PBXBuildFile; fileRef = 52B5C84C2C203D0A00A5CD19 /* CustomLayoutView.swift */; };
		52B5C84F2C203DD600A5CD19 /* ViewThatFitsView.swift in Sources */ = {isa = PBXBuildFile; fileRef = 52B5C84E2C203DD600A5CD19 /* ViewThatFitsView.swift */; };
		52B5C8512C203E5700A5CD19 /* AnyLayoutView.swift in Sources */ = {isa = PBXBuildFile; fileRef = 52B5C8502C203E5700A5CD19 /* AnyLayoutView.swift */; };
		52B5C8532C203EE900A5CD19 /* NavigationViewExample.swift in Sources */ = {isa = PBXBuildFile; fileRef = 52B5C8522C203EE900A5CD19 /* NavigationViewExample.swift */; };
		52B5C8552C203F3600A5CD19 /* NavigationSplitViewExample.swift in Sources */ = {isa = PBXBuildFile; fileRef = 52B5C8542C203F3600A5CD19 /* NavigationSplitViewExample.swift */; };
		52B5C8572C20403800A5CD19 /* SwiftChartsView.swift in Sources */ = {isa = PBXBuildFile; fileRef = 52B5C8562C20403800A5CD19 /* SwiftChartsView.swift */; };
		52EA7D7D2C2028ED00C0EABE /* iOS16APIExamplesApp.swift in Sources */ = {isa = PBXBuildFile; fileRef = 52EA7D7C2C2028ED00C0EABE /* iOS16APIExamplesApp.swift */; };
		52EA7D7F2C2028ED00C0EABE /* GaugeView.swift in Sources */ = {isa = PBXBuildFile; fileRef = 52EA7D7E2C2028ED00C0EABE /* GaugeView.swift */; };
		52EA7D812C2028F000C0EABE /* Assets.xcassets in Resources */ = {isa = PBXBuildFile; fileRef = 52EA7D802C2028F000C0EABE /* Assets.xcassets */; };
		52EA7D842C2028F000C0EABE /* Preview Assets.xcassets in Resources */ = {isa = PBXBuildFile; fileRef = 52EA7D832C2028F000C0EABE /* Preview Assets.xcassets */; };
		52EA7D8B2C2029F700C0EABE /* MultiDatePicker.swift in Sources */ = {isa = PBXBuildFile; fileRef = 52EA7D8A2C2029F700C0EABE /* MultiDatePicker.swift */; };
		52EA7D8D2C202B7800C0EABE /* PasteButton.swift in Sources */ = {isa = PBXBuildFile; fileRef = 52EA7D8C2C202B7800C0EABE /* PasteButton.swift */; };
/* End PBXBuildFile section */

/* Begin PBXFileReference section */
		524E2A292C2AC49D00F03B49 /* ShareLinkView.swift */ = {isa = PBXFileReference; lastKnownFileType = sourcecode.swift; path = ShareLinkView.swift; sourceTree = "<group>"; };
		524E2A2B2C2ACA3600F03B49 /* PhotosPickerView.swift */ = {isa = PBXFileReference; lastKnownFileType = sourcecode.swift; path = PhotosPickerView.swift; sourceTree = "<group>"; };
		52B5C83E2C202E2B00A5CD19 /* TextFieldVerticalView.swift */ = {isa = PBXFileReference; lastKnownFileType = sourcecode.swift; path = TextFieldVerticalView.swift; sourceTree = "<group>"; };
		52B5C8402C202E6800A5CD19 /* LineLimitView.swift */ = {isa = PBXFileReference; lastKnownFileType = sourcecode.swift; path = LineLimitView.swift; sourceTree = "<group>"; };
		52B5C8422C202F1E00A5CD19 /* PersistentSystemOverlayView.swift */ = {isa = PBXFileReference; lastKnownFileType = sourcecode.swift; path = PersistentSystemOverlayView.swift; sourceTree = "<group>"; };
		52B5C8442C202F5200A5CD19 /* ScrollViewChangesView.swift */ = {isa = PBXFileReference; lastKnownFileType = sourcecode.swift; path = ScrollViewChangesView.swift; sourceTree = "<group>"; };
		52B5C8462C20331400A5CD19 /* PresentationDetentsView.swift */ = {isa = PBXFileReference; lastKnownFileType = sourcecode.swift; path = PresentationDetentsView.swift; sourceTree = "<group>"; };
		52B5C8482C20357A00A5CD19 /* GradientsAndShadowsView.swift */ = {isa = PBXFileReference; lastKnownFileType = sourcecode.swift; path = GradientsAndShadowsView.swift; sourceTree = "<group>"; };
		52B5C84A2C20389D00A5CD19 /* GridView.swift */ = {isa = PBXFileReference; lastKnownFileType = sourcecode.swift; path = GridView.swift; sourceTree = "<group>"; };
		52B5C84C2C203D0A00A5CD19 /* CustomLayoutView.swift */ = {isa = PBXFileReference; lastKnownFileType = sourcecode.swift; path = CustomLayoutView.swift; sourceTree = "<group>"; };
		52B5C84E2C203DD600A5CD19 /* ViewThatFitsView.swift */ = {isa = PBXFileReference; lastKnownFileType = sourcecode.swift; path = ViewThatFitsView.swift; sourceTree = "<group>"; };
		52B5C8502C203E5700A5CD19 /* AnyLayoutView.swift */ = {isa = PBXFileReference; lastKnownFileType = sourcecode.swift; path = AnyLayoutView.swift; sourceTree = "<group>"; };
		52B5C8522C203EE900A5CD19 /* NavigationViewExample.swift */ = {isa = PBXFileReference; lastKnownFileType = sourcecode.swift; path = NavigationViewExample.swift; sourceTree = "<group>"; };
		52B5C8542C203F3600A5CD19 /* NavigationSplitViewExample.swift */ = {isa = PBXFileReference; lastKnownFileType = sourcecode.swift; path = NavigationSplitViewExample.swift; sourceTree = "<group>"; };
		52B5C8562C20403800A5CD19 /* SwiftChartsView.swift */ = {isa = PBXFileReference; lastKnownFileType = sourcecode.swift; path = SwiftChartsView.swift; sourceTree = "<group>"; };
		52EA7D792C2028ED00C0EABE /* iOS16APIExamples.app */ = {isa = PBXFileReference; explicitFileType = wrapper.application; includeInIndex = 0; path = iOS16APIExamples.app; sourceTree = BUILT_PRODUCTS_DIR; };
		52EA7D7C2C2028ED00C0EABE /* iOS16APIExamplesApp.swift */ = {isa = PBXFileReference; lastKnownFileType = sourcecode.swift; path = iOS16APIExamplesApp.swift; sourceTree = "<group>"; };
		52EA7D7E2C2028ED00C0EABE /* GaugeView.swift */ = {isa = PBXFileReference; lastKnownFileType = sourcecode.swift; path = GaugeView.swift; sourceTree = "<group>"; };
		52EA7D802C2028F000C0EABE /* Assets.xcassets */ = {isa = PBXFileReference; lastKnownFileType = folder.assetcatalog; path = Assets.xcassets; sourceTree = "<group>"; };
		52EA7D832C2028F000C0EABE /* Preview Assets.xcassets */ = {isa = PBXFileReference; lastKnownFileType = folder.assetcatalog; path = "Preview Assets.xcassets"; sourceTree = "<group>"; };
		52EA7D8A2C2029F700C0EABE /* MultiDatePicker.swift */ = {isa = PBXFileReference; lastKnownFileType = sourcecode.swift; path = MultiDatePicker.swift; sourceTree = "<group>"; };
		52EA7D8C2C202B7800C0EABE /* PasteButton.swift */ = {isa = PBXFileReference; lastKnownFileType = sourcecode.swift; path = PasteButton.swift; sourceTree = "<group>"; };
/* End PBXFileReference section */

/* Begin PBXFrameworksBuildPhase section */
		52EA7D762C2028ED00C0EABE /* Frameworks */ = {
			isa = PBXFrameworksBuildPhase;
			buildActionMask = 2147483647;
			files = (
			);
			runOnlyForDeploymentPostprocessing = 0;
		};
/* End PBXFrameworksBuildPhase section */

/* Begin PBXGroup section */
		52EA7D702C2028ED00C0EABE = {
			isa = PBXGroup;
			children = (
				52EA7D7B2C2028ED00C0EABE /* iOS16APIExamples */,
				52EA7D7A2C2028ED00C0EABE /* Products */,
			);
			sourceTree = "<group>";
		};
		52EA7D7A2C2028ED00C0EABE /* Products */ = {
			isa = PBXGroup;
			children = (
				52EA7D792C2028ED00C0EABE /* iOS16APIExamples.app */,
			);
			name = Products;
			sourceTree = "<group>";
		};
		52EA7D7B2C2028ED00C0EABE /* iOS16APIExamples */ = {
			isa = PBXGroup;
			children = (
				52EA7D7C2C2028ED00C0EABE /* iOS16APIExamplesApp.swift */,
				52B5C84C2C203D0A00A5CD19 /* CustomLayoutView.swift */,
				52B5C84E2C203DD600A5CD19 /* ViewThatFitsView.swift */,
				52B5C8502C203E5700A5CD19 /* AnyLayoutView.swift */,
				52B5C8522C203EE900A5CD19 /* NavigationViewExample.swift */,
				52B5C8542C203F3600A5CD19 /* NavigationSplitViewExample.swift */,
				52B5C8562C20403800A5CD19 /* SwiftChartsView.swift */,
				52EA7D7E2C2028ED00C0EABE /* GaugeView.swift */,
				52EA7D8A2C2029F700C0EABE /* MultiDatePicker.swift */,
				52EA7D8C2C202B7800C0EABE /* PasteButton.swift */,
				52B5C83E2C202E2B00A5CD19 /* TextFieldVerticalView.swift */,
				52B5C8402C202E6800A5CD19 /* LineLimitView.swift */,
				52B5C8422C202F1E00A5CD19 /* PersistentSystemOverlayView.swift */,
				52B5C8442C202F5200A5CD19 /* ScrollViewChangesView.swift */,
				52B5C8462C20331400A5CD19 /* PresentationDetentsView.swift */,
				52B5C8482C20357A00A5CD19 /* GradientsAndShadowsView.swift */,
				524E2A292C2AC49D00F03B49 /* ShareLinkView.swift */,
				524E2A2B2C2ACA3600F03B49 /* PhotosPickerView.swift */,
				52B5C84A2C20389D00A5CD19 /* GridView.swift */,
				52EA7D802C2028F000C0EABE /* Assets.xcassets */,
				52EA7D822C2028F000C0EABE /* Preview Content */,
			);
			path = iOS16APIExamples;
			sourceTree = "<group>";
		};
		52EA7D822C2028F000C0EABE /* Preview Content */ = {
			isa = PBXGroup;
			children = (
				52EA7D832C2028F000C0EABE /* Preview Assets.xcassets */,
			);
			path = "Preview Content";
			sourceTree = "<group>";
		};
/* End PBXGroup section */

/* Begin PBXNativeTarget section */
		52EA7D782C2028ED00C0EABE /* iOS16APIExamples */ = {
			isa = PBXNativeTarget;
			buildConfigurationList = 52EA7D872C2028F000C0EABE /* Build configuration list for PBXNativeTarget "iOS16APIExamples" */;
			buildPhases = (
				52EA7D752C2028ED00C0EABE /* Sources */,
				52EA7D762C2028ED00C0EABE /* Frameworks */,
				52EA7D772C2028ED00C0EABE /* Resources */,
			);
			buildRules = (
			);
			dependencies = (
			);
			name = iOS16APIExamples;
			productName = iOS16APIExamples;
			productReference = 52EA7D792C2028ED00C0EABE /* iOS16APIExamples.app */;
			productType = "com.apple.product-type.application";
		};
/* End PBXNativeTarget section */

/* Begin PBXProject section */
		52EA7D712C2028ED00C0EABE /* Project object */ = {
			isa = PBXProject;
			attributes = {
				BuildIndependentTargetsInParallel = 1;
				LastSwiftUpdateCheck = 1520;
				LastUpgradeCheck = 1520;
				TargetAttributes = {
					52EA7D782C2028ED00C0EABE = {
						CreatedOnToolsVersion = 15.2;
					};
				};
			};
			buildConfigurationList = 52EA7D742C2028ED00C0EABE /* Build configuration list for PBXProject "iOS16APIExamples" */;
			compatibilityVersion = "Xcode 14.0";
			developmentRegion = en;
			hasScannedForEncodings = 0;
			knownRegions = (
				en,
				Base,
			);
			mainGroup = 52EA7D702C2028ED00C0EABE;
			productRefGroup = 52EA7D7A2C2028ED00C0EABE /* Products */;
			projectDirPath = "";
			projectRoot = "";
			targets = (
				52EA7D782C2028ED00C0EABE /* iOS16APIExamples */,
			);
		};
/* End PBXProject section */

/* Begin PBXResourcesBuildPhase section */
		52EA7D772C2028ED00C0EABE /* Resources */ = {
			isa = PBXResourcesBuildPhase;
			buildActionMask = 2147483647;
			files = (
				52EA7D842C2028F000C0EABE /* Preview Assets.xcassets in Resources */,
				52EA7D812C2028F000C0EABE /* Assets.xcassets in Resources */,
			);
			runOnlyForDeploymentPostprocessing = 0;
		};
/* End PBXResourcesBuildPhase section */

/* Begin PBXSourcesBuildPhase section */
		52EA7D752C2028ED00C0EABE /* Sources */ = {
			isa = PBXSourcesBuildPhase;
			buildActionMask = 2147483647;
			files = (
				52B5C8572C20403800A5CD19 /* SwiftChartsView.swift in Sources */,
				52B5C8412C202E6800A5CD19 /* LineLimitView.swift in Sources */,
				524E2A2C2C2ACA3600F03B49 /* PhotosPickerView.swift in Sources */,
				52EA7D8B2C2029F700C0EABE /* MultiDatePicker.swift in Sources */,
				52EA7D8D2C202B7800C0EABE /* PasteButton.swift in Sources */,
				52B5C8512C203E5700A5CD19 /* AnyLayoutView.swift in Sources */,
				52B5C84B2C20389D00A5CD19 /* GridView.swift in Sources */,
				52B5C8532C203EE900A5CD19 /* NavigationViewExample.swift in Sources */,
				52B5C8472C20331400A5CD19 /* PresentationDetentsView.swift in Sources */,
				52B5C83F2C202E2B00A5CD19 /* TextFieldVerticalView.swift in Sources */,
				52B5C8452C202F5200A5CD19 /* ScrollViewChangesView.swift in Sources */,
				52B5C8492C20357A00A5CD19 /* GradientsAndShadowsView.swift in Sources */,
				52EA7D7F2C2028ED00C0EABE /* GaugeView.swift in Sources */,
				524E2A2A2C2AC49D00F03B49 /* ShareLinkView.swift in Sources */,
				52B5C84D2C203D0A00A5CD19 /* CustomLayoutView.swift in Sources */,
				52B5C8552C203F3600A5CD19 /* NavigationSplitViewExample.swift in Sources */,
				52B5C84F2C203DD600A5CD19 /* ViewThatFitsView.swift in Sources */,
				52B5C8432C202F1E00A5CD19 /* PersistentSystemOverlayView.swift in Sources */,
				52EA7D7D2C2028ED00C0EABE /* iOS16APIExamplesApp.swift in Sources */,
			);
			runOnlyForDeploymentPostprocessing = 0;
		};
/* End PBXSourcesBuildPhase section */

/* Begin XCBuildConfiguration section */
		52EA7D852C2028F000C0EABE /* Debug */ = {
			isa = XCBuildConfiguration;
			buildSettings = {
				ALWAYS_SEARCH_USER_PATHS = NO;
				ASSETCATALOG_COMPILER_GENERATE_SWIFT_ASSET_SYMBOL_EXTENSIONS = YES;
				CLANG_ANALYZER_NONNULL = YES;
				CLANG_ANALYZER_NUMBER_OBJECT_CONVERSION = YES_AGGRESSIVE;
				CLANG_CXX_LANGUAGE_STANDARD = "gnu++20";
				CLANG_ENABLE_MODULES = YES;
				CLANG_ENABLE_OBJC_ARC = YES;
				CLANG_ENABLE_OBJC_WEAK = YES;
				CLANG_WARN_BLOCK_CAPTURE_AUTORELEASING = YES;
				CLANG_WARN_BOOL_CONVERSION = YES;
				CLANG_WARN_COMMA = YES;
				CLANG_WARN_CONSTANT_CONVERSION = YES;
				CLANG_WARN_DEPRECATED_OBJC_IMPLEMENTATIONS = YES;
				CLANG_WARN_DIRECT_OBJC_ISA_USAGE = YES_ERROR;
				CLANG_WARN_DOCUMENTATION_COMMENTS = YES;
				CLANG_WARN_EMPTY_BODY = YES;
				CLANG_WARN_ENUM_CONVERSION = YES;
				CLANG_WARN_INFINITE_RECURSION = YES;
				CLANG_WARN_INT_CONVERSION = YES;
				CLANG_WARN_NON_LITERAL_NULL_CONVERSION = YES;
				CLANG_WARN_OBJC_IMPLICIT_RETAIN_SELF = YES;
				CLANG_WARN_OBJC_LITERAL_CONVERSION = YES;
				CLANG_WARN_OBJC_ROOT_CLASS = YES_ERROR;
				CLANG_WARN_QUOTED_INCLUDE_IN_FRAMEWORK_HEADER = YES;
				CLANG_WARN_RANGE_LOOP_ANALYSIS = YES;
				CLANG_WARN_STRICT_PROTOTYPES = YES;
				CLANG_WARN_SUSPICIOUS_MOVE = YES;
				CLANG_WARN_UNGUARDED_AVAILABILITY = YES_AGGRESSIVE;
				CLANG_WARN_UNREACHABLE_CODE = YES;
				CLANG_WARN__DUPLICATE_METHOD_MATCH = YES;
				COPY_PHASE_STRIP = NO;
				DEBUG_INFORMATION_FORMAT = dwarf;
				ENABLE_STRICT_OBJC_MSGSEND = YES;
				ENABLE_TESTABILITY = YES;
				ENABLE_USER_SCRIPT_SANDBOXING = YES;
				GCC_C_LANGUAGE_STANDARD = gnu17;
				GCC_DYNAMIC_NO_PIC = NO;
				GCC_NO_COMMON_BLOCKS = YES;
				GCC_OPTIMIZATION_LEVEL = 0;
				GCC_PREPROCESSOR_DEFINITIONS = (
					"DEBUG=1",
					"$(inherited)",
				);
				GCC_WARN_64_TO_32_BIT_CONVERSION = YES;
				GCC_WARN_ABOUT_RETURN_TYPE = YES_ERROR;
				GCC_WARN_UNDECLARED_SELECTOR = YES;
				GCC_WARN_UNINITIALIZED_AUTOS = YES_AGGRESSIVE;
				GCC_WARN_UNUSED_FUNCTION = YES;
				GCC_WARN_UNUSED_VARIABLE = YES;
				IPHONEOS_DEPLOYMENT_TARGET = 17.2;
				LOCALIZATION_PREFERS_STRING_CATALOGS = YES;
				MTL_ENABLE_DEBUG_INFO = INCLUDE_SOURCE;
				MTL_FAST_MATH = YES;
				ONLY_ACTIVE_ARCH = YES;
				SDKROOT = iphoneos;
				SWIFT_ACTIVE_COMPILATION_CONDITIONS = "DEBUG $(inherited)";
				SWIFT_OPTIMIZATION_LEVEL = "-Onone";
			};
			name = Debug;
		};
		52EA7D862C2028F000C0EABE /* Release */ = {
			isa = XCBuildConfiguration;
			buildSettings = {
				ALWAYS_SEARCH_USER_PATHS = NO;
				ASSETCATALOG_COMPILER_GENERATE_SWIFT_ASSET_SYMBOL_EXTENSIONS = YES;
				CLANG_ANALYZER_NONNULL = YES;
				CLANG_ANALYZER_NUMBER_OBJECT_CONVERSION = YES_AGGRESSIVE;
				CLANG_CXX_LANGUAGE_STANDARD = "gnu++20";
				CLANG_ENABLE_MODULES = YES;
				CLANG_ENABLE_OBJC_ARC = YES;
				CLANG_ENABLE_OBJC_WEAK = YES;
				CLANG_WARN_BLOCK_CAPTURE_AUTORELEASING = YES;
				CLANG_WARN_BOOL_CONVERSION = YES;
				CLANG_WARN_COMMA = YES;
				CLANG_WARN_CONSTANT_CONVERSION = YES;
				CLANG_WARN_DEPRECATED_OBJC_IMPLEMENTATIONS = YES;
				CLANG_WARN_DIRECT_OBJC_ISA_USAGE = YES_ERROR;
				CLANG_WARN_DOCUMENTATION_COMMENTS = YES;
				CLANG_WARN_EMPTY_BODY = YES;
				CLANG_WARN_ENUM_CONVERSION = YES;
				CLANG_WARN_INFINITE_RECURSION = YES;
				CLANG_WARN_INT_CONVERSION = YES;
				CLANG_WARN_NON_LITERAL_NULL_CONVERSION = YES;
				CLANG_WARN_OBJC_IMPLICIT_RETAIN_SELF = YES;
				CLANG_WARN_OBJC_LITERAL_CONVERSION = YES;
				CLANG_WARN_OBJC_ROOT_CLASS = YES_ERROR;
				CLANG_WARN_QUOTED_INCLUDE_IN_FRAMEWORK_HEADER = YES;
				CLANG_WARN_RANGE_LOOP_ANALYSIS = YES;
				CLANG_WARN_STRICT_PROTOTYPES = YES;
				CLANG_WARN_SUSPICIOUS_MOVE = YES;
				CLANG_WARN_UNGUARDED_AVAILABILITY = YES_AGGRESSIVE;
				CLANG_WARN_UNREACHABLE_CODE = YES;
				CLANG_WARN__DUPLICATE_METHOD_MATCH = YES;
				COPY_PHASE_STRIP = NO;
				DEBUG_INFORMATION_FORMAT = "dwarf-with-dsym";
				ENABLE_NS_ASSERTIONS = NO;
				ENABLE_STRICT_OBJC_MSGSEND = YES;
				ENABLE_USER_SCRIPT_SANDBOXING = YES;
				GCC_C_LANGUAGE_STANDARD = gnu17;
				GCC_NO_COMMON_BLOCKS = YES;
				GCC_WARN_64_TO_32_BIT_CONVERSION = YES;
				GCC_WARN_ABOUT_RETURN_TYPE = YES_ERROR;
				GCC_WARN_UNDECLARED_SELECTOR = YES;
				GCC_WARN_UNINITIALIZED_AUTOS = YES_AGGRESSIVE;
				GCC_WARN_UNUSED_FUNCTION = YES;
				GCC_WARN_UNUSED_VARIABLE = YES;
				IPHONEOS_DEPLOYMENT_TARGET = 17.2;
				LOCALIZATION_PREFERS_STRING_CATALOGS = YES;
				MTL_ENABLE_DEBUG_INFO = NO;
				MTL_FAST_MATH = YES;
				SDKROOT = iphoneos;
				SWIFT_COMPILATION_MODE = wholemodule;
				VALIDATE_PRODUCT = YES;
			};
			name = Release;
		};
		52EA7D882C2028F000C0EABE /* Debug */ = {
			isa = XCBuildConfiguration;
			buildSettings = {
				ASSETCATALOG_COMPILER_APPICON_NAME = AppIcon;
				ASSETCATALOG_COMPILER_GLOBAL_ACCENT_COLOR_NAME = AccentColor;
				CODE_SIGN_STYLE = Automatic;
				CURRENT_PROJECT_VERSION = 1;
				DEVELOPMENT_ASSET_PATHS = "\"iOS16APIExamples/Preview Content\"";
				ENABLE_PREVIEWS = YES;
				GENERATE_INFOPLIST_FILE = YES;
				INFOPLIST_KEY_UIApplicationSceneManifest_Generation = YES;
				INFOPLIST_KEY_UIApplicationSupportsIndirectInputEvents = YES;
				INFOPLIST_KEY_UILaunchScreen_Generation = YES;
				INFOPLIST_KEY_UISupportedInterfaceOrientations_iPad = "UIInterfaceOrientationPortrait UIInterfaceOrientationPortraitUpsideDown UIInterfaceOrientationLandscapeLeft UIInterfaceOrientationLandscapeRight";
				INFOPLIST_KEY_UISupportedInterfaceOrientations_iPhone = "UIInterfaceOrientationPortrait UIInterfaceOrientationLandscapeLeft UIInterfaceOrientationLandscapeRight";
				IPHONEOS_DEPLOYMENT_TARGET = 16.2;
				LD_RUNPATH_SEARCH_PATHS = (
					"$(inherited)",
					"@executable_path/Frameworks",
				);
				MARKETING_VERSION = 1.0;
				PRODUCT_BUNDLE_IDENTIFIER = ryanwillis.iOS16APIExamples;
				PRODUCT_NAME = "$(TARGET_NAME)";
				SUPPORTED_PLATFORMS = "iphoneos iphonesimulator";
				SUPPORTS_MACCATALYST = NO;
				SUPPORTS_MAC_DESIGNED_FOR_IPHONE_IPAD = NO;
				SUPPORTS_XR_DESIGNED_FOR_IPHONE_IPAD = NO;
				SWIFT_EMIT_LOC_STRINGS = YES;
				SWIFT_VERSION = 5.0;
				TARGETED_DEVICE_FAMILY = 1;
			};
			name = Debug;
		};
		52EA7D892C2028F000C0EABE /* Release */ = {
			isa = XCBuildConfiguration;
			buildSettings = {
				ASSETCATALOG_COMPILER_APPICON_NAME = AppIcon;
				ASSETCATALOG_COMPILER_GLOBAL_ACCENT_COLOR_NAME = AccentColor;
				CODE_SIGN_STYLE = Automatic;
				CURRENT_PROJECT_VERSION = 1;
				DEVELOPMENT_ASSET_PATHS = "\"iOS16APIExamples/Preview Content\"";
				ENABLE_PREVIEWS = YES;
				GENERATE_INFOPLIST_FILE = YES;
				INFOPLIST_KEY_UIApplicationSceneManifest_Generation = YES;
				INFOPLIST_KEY_UIApplicationSupportsIndirectInputEvents = YES;
				INFOPLIST_KEY_UILaunchScreen_Generation = YES;
				INFOPLIST_KEY_UISupportedInterfaceOrientations_iPad = "UIInterfaceOrientationPortrait UIInterfaceOrientationPortraitUpsideDown UIInterfaceOrientationLandscapeLeft UIInterfaceOrientationLandscapeRight";
				INFOPLIST_KEY_UISupportedInterfaceOrientations_iPhone = "UIInterfaceOrientationPortrait UIInterfaceOrientationLandscapeLeft UIInterfaceOrientationLandscapeRight";
				IPHONEOS_DEPLOYMENT_TARGET = 16.2;
				LD_RUNPATH_SEARCH_PATHS = (
					"$(inherited)",
					"@executable_path/Frameworks",
				);
				MARKETING_VERSION = 1.0;
				PRODUCT_BUNDLE_IDENTIFIER = ryanwillis.iOS16APIExamples;
				PRODUCT_NAME = "$(TARGET_NAME)";
				SUPPORTED_PLATFORMS = "iphoneos iphonesimulator";
				SUPPORTS_MACCATALYST = NO;
				SUPPORTS_MAC_DESIGNED_FOR_IPHONE_IPAD = NO;
				SUPPORTS_XR_DESIGNED_FOR_IPHONE_IPAD = NO;
				SWIFT_EMIT_LOC_STRINGS = YES;
				SWIFT_VERSION = 5.0;
				TARGETED_DEVICE_FAMILY = 1;
			};
			name = Release;
		};
/* End XCBuildConfiguration section */

/* Begin XCConfigurationList section */
		52EA7D742C2028ED00C0EABE /* Build configuration list for PBXProject "iOS16APIExamples" */ = {
			isa = XCConfigurationList;
			buildConfigurations = (
				52EA7D852C2028F000C0EABE /* Debug */,
				52EA7D862C2028F000C0EABE /* Release */,
			);
			defaultConfigurationIsVisible = 0;
			defaultConfigurationName = Release;
		};
		52EA7D872C2028F000C0EABE /* Build configuration list for PBXNativeTarget "iOS16APIExamples" */ = {
			isa = XCConfigurationList;
			buildConfigurations = (
				52EA7D882C2028F000C0EABE /* Debug */,
				52EA7D892C2028F000C0EABE /* Release */,
			);
			defaultConfigurationIsVisible = 0;
			defaultConfigurationName = Release;
		};
/* End XCConfigurationList section */
	};
	rootObject = 52EA7D712C2028ED00C0EABE /* Project object */;
}
